
Microsoft Visual Studio Solution File, Format Version 12.00
# Visual Studio Version 17
VisualStudioVersion = 17.9.34902.65
MinimumVisualStudioVersion = 10.0.40219.1
Project("{9A19103F-16F7-4668-BE54-9A1E7A4F7556}") = "src\Prototype", "src\Prototype\Prototype.csproj", "{2F654558-7B55-4C04-87D1-02A0313692CE}"
EndProject
Project("{9A19103F-16F7-4668-BE54-9A1E7A4F7556}") = "src\Prototype.Tests", "src\Prototype.Tests\Prototype.Tests.csproj", "{35A81354-EDA9-435B-98F8-1D690BD6413B}"
EndProject
Global
	GlobalSection(SolutionConfigurationPlatforms) = preSolution
		Debug|Any CPU = Debug|Any CPU
		Release|Any CPU = Release|Any CPU
	EndGlobalSection
	GlobalSection(ProjectConfigurationPlatforms) = postSolution
		{2F654558-7B55-4C04-87D1-02A0313692CE}.Debug|Any CPU.ActiveCfg = Debug|Any CPU
		{2F654558-7B55-4C04-87D1-02A0313692CE}.Debug|Any CPU.Build.0 = Debug|Any CPU
		{2F654558-7B55-4C04-87D1-02A0313692CE}.Release|Any CPU.ActiveCfg = Release|Any CPU
		{2F654558-7B55-4C04-87D1-02A0313692CE}.Release|Any CPU.Build.0 = Release|Any CPU
		{35A81354-EDA9-435B-98F8-1D690BD6413B}.Debug|Any CPU.ActiveCfg = Debug|Any CPU
		{35A81354-EDA9-435B-98F8-1D690BD6413B}.Debug|Any CPU.Build.0 = Debug|Any CPU
		{35A81354-EDA9-435B-98F8-1D690BD6413B}.Release|Any CPU.ActiveCfg = Release|Any CPU
		{35A81354-EDA9-435B-98F8-1D690BD6413B}.Release|Any CPU.Build.0 = Release|Any CPU
	EndGlobalSection
	GlobalSection(SolutionProperties) = preSolution
		HideSolutionNode = FALSE
	EndGlobalSection
	GlobalSection(ExtensibilityGlobals) = postSolution
		SolutionGuid = {4FF88C4B-4B57-4DE3-899E-8443DC959D77}
	EndGlobalSection
EndGlobal
